
Microsoft Visual Studio Solution File, Format Version 12.00
# Visual Studio Version 17
VisualStudioVersion = 17.1.32210.238
MinimumVisualStudioVersion = 10.0.40219.1
Project("{FAE04EC0-301F-11D3-BF4B-00C04F79EFBC}") = "WebApplication", "WebApplication\WebApplication.csproj", "{EE9915E0-58A9-4D7B-B2DF-633FD47566A1}"
EndProject
Global
	GlobalSection(SolutionConfigurationPlatforms) = preSolution
		Debug|Any CPU = Debug|Any CPU
		Release|Any CPU = Release|Any CPU
	EndGlobalSection
	GlobalSection(ProjectConfigurationPlatforms) = postSolution
		{EE9915E0-58A9-4D7B-B2DF-633FD47566A1}.Debug|Any CPU.ActiveCfg = Debug|Any CPU
		{EE9915E0-58A9-4D7B-B2DF-633FD47566A1}.Debug|Any CPU.Build.0 = Debug|Any CPU
		{EE9915E0-58A9-4D7B-B2DF-633FD47566A1}.Release|Any CPU.ActiveCfg = Release|Any CPU
		{EE9915E0-58A9-4D7B-B2DF-633FD47566A1}.Release|Any CPU.Build.0 = Release|Any CPU
	EndGlobalSection
	GlobalSection(SolutionProperties) = preSolution
		HideSolutionNode = FALSE
	EndGlobalSection
	GlobalSection(ExtensibilityGlobals) = postSolution
		SolutionGuid = {F6FE7ECB-F799-48A4-B6EA-D4C1ED5B644A}
	EndGlobalSection
EndGlobal
