
Microsoft Visual Studio Solution File, Format Version 12.00
# Visual Studio Version 17
VisualStudioVersion = 17.1.32210.238
MinimumVisualStudioVersion = 10.0.40219.1
Project("{FAE04EC0-301F-11D3-BF4B-00C04F79EFBC}") = "WebApp_ADO", "WebApp_ADO\WebApp_ADO.csproj", "{DCDBC63F-3C7A-4CA4-8E88-2F97A0461CD8}"
EndProject
Global
	GlobalSection(SolutionConfigurationPlatforms) = preSolution
		Debug|Any CPU = Debug|Any CPU
		Release|Any CPU = Release|Any CPU
	EndGlobalSection
	GlobalSection(ProjectConfigurationPlatforms) = postSolution
		{DCDBC63F-3C7A-4CA4-8E88-2F97A0461CD8}.Debug|Any CPU.ActiveCfg = Debug|Any CPU
		{DCDBC63F-3C7A-4CA4-8E88-2F97A0461CD8}.Debug|Any CPU.Build.0 = Debug|Any CPU
		{DCDBC63F-3C7A-4CA4-8E88-2F97A0461CD8}.Release|Any CPU.ActiveCfg = Release|Any CPU
		{DCDBC63F-3C7A-4CA4-8E88-2F97A0461CD8}.Release|Any CPU.Build.0 = Release|Any CPU
	EndGlobalSection
	GlobalSection(SolutionProperties) = preSolution
		HideSolutionNode = FALSE
	EndGlobalSection
	GlobalSection(ExtensibilityGlobals) = postSolution
		SolutionGuid = {B6F672F1-3283-48DB-A09C-EAB6DC3064AD}
	EndGlobalSection
EndGlobal
