
Microsoft Visual Studio Solution File, Format Version 12.00
# Visual Studio Version 17
VisualStudioVersion = 17.1.32210.238
MinimumVisualStudioVersion = 10.0.40219.1
Project("{FAE04EC0-301F-11D3-BF4B-00C04F79EFBC}") = "Web_ASP_CRUD_Query", "Web_ASP_CRUD_Query\Web_ASP_CRUD_Query.csproj", "{877BA269-B1DA-4D77-AC8F-5D49DB08DE8C}"
EndProject
Global
	GlobalSection(SolutionConfigurationPlatforms) = preSolution
		Debug|Any CPU = Debug|Any CPU
		Release|Any CPU = Release|Any CPU
	EndGlobalSection
	GlobalSection(ProjectConfigurationPlatforms) = postSolution
		{877BA269-B1DA-4D77-AC8F-5D49DB08DE8C}.Debug|Any CPU.ActiveCfg = Debug|Any CPU
		{877BA269-B1DA-4D77-AC8F-5D49DB08DE8C}.Debug|Any CPU.Build.0 = Debug|Any CPU
		{877BA269-B1DA-4D77-AC8F-5D49DB08DE8C}.Release|Any CPU.ActiveCfg = Release|Any CPU
		{877BA269-B1DA-4D77-AC8F-5D49DB08DE8C}.Release|Any CPU.Build.0 = Release|Any CPU
	EndGlobalSection
	GlobalSection(SolutionProperties) = preSolution
		HideSolutionNode = FALSE
	EndGlobalSection
	GlobalSection(ExtensibilityGlobals) = postSolution
		SolutionGuid = {ECA79DBF-C223-4814-A3DA-CC64E0485A38}
	EndGlobalSection
EndGlobal
