
Microsoft Visual Studio Solution File, Format Version 12.00
# Visual Studio Version 17
VisualStudioVersion = 17.0.32112.339
MinimumVisualStudioVersion = 10.0.40219.1
Project("{FAE04EC0-301F-11D3-BF4B-00C04F79EFBC}") = "WebApplication1", "WebApplication1\WebApplication1.csproj", "{3E7708D8-4183-4127-A0DE-45AF569E8EAD}"
EndProject
Global
	GlobalSection(SolutionConfigurationPlatforms) = preSolution
		Debug|Any CPU = Debug|Any CPU
		Release|Any CPU = Release|Any CPU
	EndGlobalSection
	GlobalSection(ProjectConfigurationPlatforms) = postSolution
		{3E7708D8-4183-4127-A0DE-45AF569E8EAD}.Debug|Any CPU.ActiveCfg = Debug|Any CPU
		{3E7708D8-4183-4127-A0DE-45AF569E8EAD}.Debug|Any CPU.Build.0 = Debug|Any CPU
		{3E7708D8-4183-4127-A0DE-45AF569E8EAD}.Release|Any CPU.ActiveCfg = Release|Any CPU
		{3E7708D8-4183-4127-A0DE-45AF569E8EAD}.Release|Any CPU.Build.0 = Release|Any CPU
	EndGlobalSection
	GlobalSection(SolutionProperties) = preSolution
		HideSolutionNode = FALSE
	EndGlobalSection
	GlobalSection(ExtensibilityGlobals) = postSolution
		SolutionGuid = {5460FBE5-745A-4AD9-B0D2-4E6EB1547211}
	EndGlobalSection
EndGlobal
