
Microsoft Visual Studio Solution File, Format Version 12.00
# Visual Studio Version 17
VisualStudioVersion = 17.2.32516.85
MinimumVisualStudioVersion = 10.0.40219.1
Project("{FAE04EC0-301F-11D3-BF4B-00C04F79EFBC}") = "WebAp_dependent_Dropdown", "WebAp_dependent_Dropdown\WebAp_dependent_Dropdown.csproj", "{B699538E-5BE1-42D4-ACB2-96C11E79BB2D}"
EndProject
Global
	GlobalSection(SolutionConfigurationPlatforms) = preSolution
		Debug|Any CPU = Debug|Any CPU
		Release|Any CPU = Release|Any CPU
	EndGlobalSection
	GlobalSection(ProjectConfigurationPlatforms) = postSolution
		{B699538E-5BE1-42D4-ACB2-96C11E79BB2D}.Debug|Any CPU.ActiveCfg = Debug|Any CPU
		{B699538E-5BE1-42D4-ACB2-96C11E79BB2D}.Debug|Any CPU.Build.0 = Debug|Any CPU
		{B699538E-5BE1-42D4-ACB2-96C11E79BB2D}.Release|Any CPU.ActiveCfg = Release|Any CPU
		{B699538E-5BE1-42D4-ACB2-96C11E79BB2D}.Release|Any CPU.Build.0 = Release|Any CPU
	EndGlobalSection
	GlobalSection(SolutionProperties) = preSolution
		HideSolutionNode = FALSE
	EndGlobalSection
	GlobalSection(ExtensibilityGlobals) = postSolution
		SolutionGuid = {05C45C24-A87E-4BEA-B033-D43977BEDDB9}
	EndGlobalSection
EndGlobal
