
Microsoft Visual Studio Solution File, Format Version 12.00
# Visual Studio Version 17
VisualStudioVersion = 17.1.32319.34
MinimumVisualStudioVersion = 10.0.40219.1
Project("{FAE04EC0-301F-11D3-BF4B-00C04F79EFBC}") = "WebApp_ASP_CRUD11", "WebApp_ASP_CRUD11\WebApp_ASP_CRUD11.csproj", "{B75D597B-2885-4E7E-B9D9-25405FE6AD99}"
EndProject
Global
	GlobalSection(SolutionConfigurationPlatforms) = preSolution
		Debug|Any CPU = Debug|Any CPU
		Release|Any CPU = Release|Any CPU
	EndGlobalSection
	GlobalSection(ProjectConfigurationPlatforms) = postSolution
		{B75D597B-2885-4E7E-B9D9-25405FE6AD99}.Debug|Any CPU.ActiveCfg = Debug|Any CPU
		{B75D597B-2885-4E7E-B9D9-25405FE6AD99}.Debug|Any CPU.Build.0 = Debug|Any CPU
		{B75D597B-2885-4E7E-B9D9-25405FE6AD99}.Release|Any CPU.ActiveCfg = Release|Any CPU
		{B75D597B-2885-4E7E-B9D9-25405FE6AD99}.Release|Any CPU.Build.0 = Release|Any CPU
	EndGlobalSection
	GlobalSection(SolutionProperties) = preSolution
		HideSolutionNode = FALSE
	EndGlobalSection
	GlobalSection(ExtensibilityGlobals) = postSolution
		SolutionGuid = {C6BDC5D2-B316-46E2-B5F3-0451B5A3406F}
	EndGlobalSection
EndGlobal
